{
    "_meta": {
        "hash": {
            "sha256": "2089bda35a6b028eb605121cc4d1e3cf164d93c58c2f2cd35308836c7afc6e5e"
        },
        "pipfile-spec": 6,
        "requires": {},
        "sources": [
            {
                "name": "pypi",
                "url": "https://pypi.org/simple",
                "verify_ssl": true
            }
        ]
    },
    "default": {
        "certifi": {
            "hashes": [
                "sha256:78884e7c1d4b00ce3cea67b44566851c4343c120abd683433ce934a68ea58872",
                "sha256:d62a0163eb4c2344ac042ab2bdf75399a71a2d8c7d47eac2e2ee91b9d6339569"
            ],
            "version": "==2021.10.8"
        },
        "cloudinary": {
            "hashes": [
                "sha256:c936c9315ca898ad7f9a62fbc0efb537380573e3e7c0fb04c62abf5ac3b0a931"
            ],
            "index": "pypi",
            "version": "==1.19.1"
        },
        "django": {
            "hashes": [
                "sha256:0200b657afbf1bc08003845ddda053c7641b9b24951e52acd51f6abda33a7413",
                "sha256:365429d07c1336eb42ba15aa79f45e1c13a0b04d5c21569e7d596696418a6a45"
            ],
            "index": "pypi",
            "version": "==2.2.28"
        },
        "django-widget-tweaks": {
            "hashes": [
                "sha256:65c960f3d75008a285e4b10f4d21f9eae4160fd77a0f6097ad545185f8648bd6",
                "sha256:f2e2c9c9be1ccc59061e248dcc2144f4906d594abe1a563902f4bdf6aa14e432"
            ],
            "index": "pypi",
            "version": "==1.4.5"
        },
        "mock": {
            "hashes": [
                "sha256:122fcb64ee37cfad5b3f48d7a7d51875d7031aaf3d8be7c42e2bee25044eee62",
                "sha256:7d3fbbde18228f4ff2f1f119a45cdffa458b4c0dee32eb4d2bb2f82554bac7bc"
            ],
            "markers": "python_version >= '3.6'",
            "version": "==4.0.3"
        },
        "pillow": {
            "hashes": [
                "sha256:047d9473cf68af50ac85f8ee5d5f21a60f849bc17d348da7fc85711287a75031",
                "sha256:0f66dc6c8a3cc319561a633b6aa82c44107f12594643efa37210d8c924fc1c71",
                "sha256:12c9169c4e8fe0a7329e8658c7e488001f6b4c8e88740e76292c2b857af2e94c",
                "sha256:248cffc168896982f125f5c13e9317c059f74fffdb4152893339f3be62a01340",
                "sha256:27faf0552bf8c260a5cee21a76e031acaea68babb64daf7e8f2e2540745082aa",
                "sha256:285edafad9bc60d96978ed24d77cdc0b91dace88e5da8c548ba5937c425bca8b",
                "sha256:384b12c9aa8ef95558abdcb50aada56d74bc7cc131dd62d28c2d0e4d3aadd573",
                "sha256:38950b3a707f6cef09cd3cbb142474357ad1a985ceb44d921bdf7b4647b3e13e",
                "sha256:4aad1b88933fd6dc2846552b89ad0c74ddbba2f0884e2c162aa368374bf5abab",
                "sha256:4ac6148008c169603070c092e81f88738f1a0c511e07bd2bb0f9ef542d375da9",
                "sha256:4deb1d2a45861ae6f0b12ea0a786a03d19d29edcc7e05775b85ec2877cb54c5e",
                "sha256:59aa2c124df72cc75ed72c8d6005c442d4685691a30c55321e00ed915ad1a291",
                "sha256:5a47d2123a9ec86660fe0e8d0ebf0aa6bc6a17edc63f338b73ea20ba11713f12",
                "sha256:5cc901c2ab9409b4b7ac7b5bcc3e86ac14548627062463da0af3b6b7c555a871",
                "sha256:6c1db03e8dff7b9f955a0fb9907eb9ca5da75b5ce056c0c93d33100a35050281",
                "sha256:7ce80c0a65a6ea90ef9c1f63c8593fcd2929448613fc8da0adf3e6bfad669d08",
                "sha256:809c19241c14433c5d6135e1b6c72da4e3b56d5c865ad5736ab99af8896b8f41",
                "sha256:83792cb4e0b5af480588601467c0764242b9a483caea71ef12d22a0d0d6bdce2",
                "sha256:846fa202bd7ee0f6215c897a1d33238ef071b50766339186687bd9b7a6d26ac5",
                "sha256:9f5529fc02009f96ba95bea48870173426879dc19eec49ca8e08cd63ecd82ddb",
                "sha256:a423c2ea001c6265ed28700df056f75e26215fd28c001e93ef4380b0f05f9547",
                "sha256:ac4428094b42907aba5879c7c000d01c8278d451a3b7cccd2103e21f6397ea75",
                "sha256:b1ae48d87f10d1384e5beecd169c77502fcc04a2c00a4c02b85f0a94b419e5f9",
                "sha256:bf4e972a88f8841d8fdc6db1a75e0f8d763e66e3754b03006cbc3854d89f1cb1",
                "sha256:c6414f6aad598364aaf81068cabb077894eb88fed99c6a65e6e8217bab62ae7a",
                "sha256:c710fcb7ee32f67baf25aa9ffede4795fd5d93b163ce95fdc724383e38c9df96",
                "sha256:c7be4b8a09852291c3c48d3c25d1b876d2494a0a674980089ac9d5e0d78bd132",
                "sha256:c9e5ffb910b14f090ac9c38599063e354887a5f6d7e6d26795e916b4514f2c1a",
                "sha256:e0697b826da6c2472bb6488db4c0a7fa8af0d52fa08833ceb3681358914b14e5",
                "sha256:e9a3edd5f714229d41057d56ac0f39ad9bdba6767e8c888c951869f0bdd129b0"
            ],
            "index": "pypi",
            "version": "==6.2.1"
        },
        "pytz": {
            "hashes": [
                "sha256:1e760e2fe6a8163bc0b3d9a19c4f84342afa0a2affebfaa84b01b978a02ecaa7",
                "sha256:e68985985296d9a66a881eb3193b0906246245294a881e7c8afe623866ac6a5c"
            ],
            "version": "==2022.1"
        },
        "six": {
            "hashes": [
                "sha256:1e61c37477a1626458e36f7b1d82aa5c9b094fa4802892072e49de9c60c4c926",
                "sha256:8abb2f1d86890a2dfb989f9a77cfcfd3e47c2a354b01111771326f8aa26e0254"
            ],
            "markers": "python_version >= '2.7' and python_version not in '3.0, 3.1, 3.2, 3.3'",
            "version": "==1.16.0"
        },
        "sqlparse": {
            "hashes": [
                "sha256:0c00730c74263a94e5a9919ade150dfc3b19c574389985446148402998287dae",
                "sha256:48719e356bb8b42991bdbb1e8b83223757b93789c00910a616a071910ca4a64d"
            ],
            "markers": "python_version >= '3.5'",
            "version": "==0.4.2"
        },
        "urllib3": {
            "hashes": [
                "sha256:44ece4d53fb1706f667c9bd1c648f5469a2ec925fcf3a776667042d645472c14",
                "sha256:aabaf16477806a5e1dd19aa41f8c2b7950dd3c746362d7e3223dbe6de6ac448e"
            ],
            "markers": "python_version >= '2.7' and python_version not in '3.0, 3.1, 3.2, 3.3, 3.4' and python_version < '4'",
            "version": "==1.26.9"
        }
    },
    "develop": {
        "mypy": {
            "hashes": [
                "sha256:0308c35fd16c96a81b8dfc4d09ec63b8fa607cfec087acf5aafb44c2c45197de",
                "sha256:39f7be2f89668d21b2bbab45ce5aa15e69bf8d6f3b46f9e1cc1a88e4fcc84f3d",
                "sha256:4223f576813c79a10d0fd14192c86f1b85e3bd235c93792f22ed811a20b5ee4e",
                "sha256:4c8f812a2fbefa96185933fbe05aa035e9cf791cf3a23bbdb6a219c80b60e0b1",
                "sha256:4ea9ee847ea5bb38ea275441f3aea7eeba1b96187a3f968ee359d33d9dcc0eda",
                "sha256:573c68df69f0e399fa57866a0b72989acf0a56c4008eee59c789c2ca5ea9df03",
                "sha256:588c0e38466306aa7dbe6522ceacf37dde8b13cfa5edde90be2ce382f078875f",
                "sha256:6d1bd2e675823a19e6bf72149540ab9851bfe698b796aea698fb926ab2bedd02",
                "sha256:aa8e3bd1540dd5c39ef580ec2146a9c99c45f7c62af890095fec9e87b5ca19fb",
                "sha256:b978ba1ea90d0abe2fc720ec9a41824b7d3a1304569bd58c9038d8d61dc4dfdb",
                "sha256:c85c5367c2e8247e06cc0aba84e3633e90f48e8a0677bc51b351e138b5ff80b1",
                "sha256:ce69577b424058bfa177df27213869f37c1e964c3e1ebd3b3d54f1d10b234c4d",
                "sha256:ec6eaf98a57624d96d9916352a5bad2d73959f6358fabf43838f7d1a4d2f8389"
            ],
            "index": "pypi",
            "version": "==0.760"
        },
        "mypy-extensions": {
            "hashes": [
                "sha256:090fedd75945a69ae91ce1303b5824f428daf5a028d2f6ab8a299250a846f15d",
                "sha256:2d82818f5bb3e369420cb3c4060a7970edba416647068eb4c5343488a6c604a8"
            ],
            "version": "==0.4.3"
        },
        "typed-ast": {
            "hashes": [
                "sha256:01ae5f73431d21eead5015997ab41afa53aa1fbe252f9da060be5dad2c730ace",
                "sha256:067a74454df670dcaa4e59349a2e5c81e567d8d65458d480a5b3dfecec08c5ff",
                "sha256:0fb71b8c643187d7492c1f8352f2c15b4c4af3f6338f21681d3681b3dc31a266",
                "sha256:1b3ead4a96c9101bef08f9f7d1217c096f31667617b58de957f690c92378b528",
                "sha256:2068531575a125b87a41802130fa7e29f26c09a2833fea68d9a40cf33902eba6",
                "sha256:209596a4ec71d990d71d5e0d312ac935d86930e6eecff6ccc7007fe54d703808",
                "sha256:2c726c276d09fc5c414693a2de063f521052d9ea7c240ce553316f70656c84d4",
                "sha256:398e44cd480f4d2b7ee8d98385ca104e35c81525dd98c519acff1b79bdaac363",
                "sha256:52b1eb8c83f178ab787f3a4283f68258525f8d70f778a2f6dd54d3b5e5fb4341",
                "sha256:5feca99c17af94057417d744607b82dd0a664fd5e4ca98061480fd8b14b18d04",
                "sha256:7538e495704e2ccda9b234b82423a4038f324f3a10c43bc088a1636180f11a41",
                "sha256:760ad187b1041a154f0e4d0f6aae3e40fdb51d6de16e5c99aedadd9246450e9e",
                "sha256:777a26c84bea6cd934422ac2e3b78863a37017618b6e5c08f92ef69853e765d3",
                "sha256:95431a26309a21874005845c21118c83991c63ea800dd44843e42a916aec5899",
                "sha256:9ad2c92ec681e02baf81fdfa056fe0d818645efa9af1f1cd5fd6f1bd2bdfd805",
                "sha256:9c6d1a54552b5330bc657b7ef0eae25d00ba7ffe85d9ea8ae6540d2197a3788c",
                "sha256:aee0c1256be6c07bd3e1263ff920c325b59849dc95392a05f258bb9b259cf39c",
                "sha256:af3d4a73793725138d6b334d9d247ce7e5f084d96284ed23f22ee626a7b88e39",
                "sha256:b36b4f3920103a25e1d5d024d155c504080959582b928e91cb608a65c3a49e1a",
                "sha256:b9574c6f03f685070d859e75c7f9eeca02d6933273b5e69572e5ff9d5e3931c3",
                "sha256:bff6ad71c81b3bba8fa35f0f1921fb24ff4476235a6e94a26ada2e54370e6da7",
                "sha256:c190f0899e9f9f8b6b7863debfb739abcb21a5c054f911ca3596d12b8a4c4c7f",
                "sha256:c907f561b1e83e93fad565bac5ba9c22d96a54e7ea0267c708bffe863cbe4075",
                "sha256:cae53c389825d3b46fb37538441f75d6aecc4174f615d048321b716df2757fb0",
                "sha256:dd4a21253f42b8d2b48410cb31fe501d32f8b9fbeb1f55063ad102fe9c425e40",
                "sha256:dde816ca9dac1d9c01dd504ea5967821606f02e510438120091b84e852367428",
                "sha256:f2362f3cb0f3172c42938946dbc5b7843c2a28aec307c49100c8b38764eb6927",
                "sha256:f328adcfebed9f11301eaedfa48e15bdece9b519fb27e6a8c01aa52a17ec31b3",
                "sha256:f8afcf15cc511ada719a88e013cec87c11aff7b91f019295eb4530f96fe5ef2f",
                "sha256:fb1bbeac803adea29cedd70781399c99138358c26d05fcbd23c13016b7f5ec65"
            ],
            "version": "==1.4.3"
        },
        "typing-extensions": {
            "hashes": [
                "sha256:6657594ee297170d19f67d55c05852a874e7eb634f4f753dbd667855e07c1708",
                "sha256:f1c24655a0da0d1b67f07e17a5e6b2a105894e6824b92096378bb3668ef02376"
            ],
            "markers": "python_version >= '3.7'",
            "version": "==4.2.0"
        }
    }
}
